
Microsoft Visual Studio Solution File, Format Version 12.00
# Visual Studio Version 17
VisualStudioVersion = 17.9.34902.65
MinimumVisualStudioVersion = 10.0.40219.1
Project("{FAE04EC0-301F-11D3-BF4B-00C04F79EFBC}") = "QA Barcode Generator", "QA Barcode Generator.csproj", "{2151ABF5-D0FB-4A3A-BB5E-16A95DBF8D65}"
EndProject
Global
	GlobalSection(SolutionConfigurationPlatforms) = preSolution
		Debug|Any CPU = Debug|Any CPU
		Release|Any CPU = Release|Any CPU
	EndGlobalSection
	GlobalSection(ProjectConfigurationPlatforms) = postSolution
		{2151ABF5-D0FB-4A3A-BB5E-16A95DBF8D65}.Debug|Any CPU.ActiveCfg = Debug|Any CPU
		{2151ABF5-D0FB-4A3A-BB5E-16A95DBF8D65}.Debug|Any CPU.Build.0 = Debug|Any CPU
		{2151ABF5-D0FB-4A3A-BB5E-16A95DBF8D65}.Release|Any CPU.ActiveCfg = Release|Any CPU
		{2151ABF5-D0FB-4A3A-BB5E-16A95DBF8D65}.Release|Any CPU.Build.0 = Release|Any CPU
	EndGlobalSection
	GlobalSection(SolutionProperties) = preSolution
		HideSolutionNode = FALSE
	EndGlobalSection
	GlobalSection(ExtensibilityGlobals) = postSolution
		SolutionGuid = {A138F095-D9F1-4235-BB24-78A7C78AF740}
	EndGlobalSection
EndGlobal
